
Microsoft Visual Studio Solution File, Format Version 12.00
# Visual Studio Version 17
VisualStudioVersion = 17.13.35931.197 d17.13
MinimumVisualStudioVersion = 10.0.40219.1
Project("{FAE04EC0-301F-11D3-BF4B-00C04F79EFBC}") = "Series Analyzer", "Series Analyzer\Series Analyzer.csproj", "{794C7AF5-CEBD-4CB2-80C9-1F561513870E}"
EndProject
Global
	GlobalSection(SolutionConfigurationPlatforms) = preSolution
		Debug|Any CPU = Debug|Any CPU
		Release|Any CPU = Release|Any CPU
	EndGlobalSection
	GlobalSection(ProjectConfigurationPlatforms) = postSolution
		{794C7AF5-CEBD-4CB2-80C9-1F561513870E}.Debug|Any CPU.ActiveCfg = Debug|Any CPU
		{794C7AF5-CEBD-4CB2-80C9-1F561513870E}.Debug|Any CPU.Build.0 = Debug|Any CPU
		{794C7AF5-CEBD-4CB2-80C9-1F561513870E}.Release|Any CPU.ActiveCfg = Release|Any CPU
		{794C7AF5-CEBD-4CB2-80C9-1F561513870E}.Release|Any CPU.Build.0 = Release|Any CPU
	EndGlobalSection
	GlobalSection(SolutionProperties) = preSolution
		HideSolutionNode = FALSE
	EndGlobalSection
	GlobalSection(ExtensibilityGlobals) = postSolution
		SolutionGuid = {205D430C-39F0-4643-B30D-7899DA16CDEC}
	EndGlobalSection
EndGlobal
